PODS:
  - MBProgressHUD (1.1.0)
  - RSKImageCropper (2.2.1)
  - SDWebImage (5.0.6):
    - SDWebImage/Core (= 5.0.6)
  - SDWebImage/Core (5.0.6)
  - XRPhotoBrowser (1.0.2):
    - SDWebImage (~> 5.0.6)

DEPENDENCIES:
  - MBProgressHUD
  - RSKImageCropper (~> 2.2.1)
  - XRPhotoBrowser (~> 1.0.2)

SPEC REPOS:
  https://github.com/cocoapods/specs.git:
    - MBProgressHUD
    - RSKImageCropper
    - SDWebImage
    - XRPhotoBrowser

SPEC CHECKSUMS:
  MBProgressHUD: e7baa36a220447d8aeb12769bf0585582f3866d9
  RSKImageCropper: 98296ad26b41753f796b6898d015509598f13d97
  SDWebImage: 920f1a2ff1ca8296ad34f6e0510a1ef1d70ac965
  XRPhotoBrowser: 333d83ccfecde7623f4cd5fc92b489db20d685d1

PODFILE CHECKSUM: 956da3197e2d3f9125f426b57912735b0a2386e2

COCOAPODS: 1.7.5
