// !$*UTF8*$!
{
	archiveVersion = 1;
	classes = {
	};
	objectVersion = 46;
	objects = {

/* Begin PBXBuildFile section */
		0102905E2269D5780082AC1A /* XRPhtoManager.m in Sources */ = {isa = PBXBuildFile; fileRef = 010290372269D5780082AC1A /* XRPhtoManager.m */; };
		0102905F2269D5780082AC1A /* PhotoAlbumListViewController.m in Sources */ = {isa = PBXBuildFile; fileRef = 0102903A2269D5780082AC1A /* PhotoAlbumListViewController.m */; };
		010290602269D5780082AC1A /* XRPhotoAlbumListCell.m in Sources */ = {isa = PBXBuildFile; fileRef = 0102903C2269D5780082AC1A /* XRPhotoAlbumListCell.m */; };
		010290612269D5780082AC1A /* XRPhotoAlbumModel.m in Sources */ = {isa = PBXBuildFile; fileRef = 0102903E2269D5780082AC1A /* XRPhotoAlbumModel.m */; };
		010290622269D5780082AC1A /* QKPhotoBrowser.m in Sources */ = {isa = PBXBuildFile; fileRef = 010290412269D5780082AC1A /* QKPhotoBrowser.m */; };
		010290632269D5780082AC1A /* XRPhotoBrowser.m in Sources */ = {isa = PBXBuildFile; fileRef = 010290452269D5780082AC1A /* XRPhotoBrowser.m */; };
		010290642269D5780082AC1A /* XRPhotoPickerViewController.m in Sources */ = {isa = PBXBuildFile; fileRef = 010290472269D5780082AC1A /* XRPhotoPickerViewController.m */; };
		010290652269D5780082AC1A /* XRPhotoAssetModel.m in Sources */ = {isa = PBXBuildFile; fileRef = 0102904A2269D5780082AC1A /* XRPhotoAssetModel.m */; };
		010290662269D5780082AC1A /* XRPhotoAlbumListView.m in Sources */ = {isa = PBXBuildFile; fileRef = 0102904D2269D5780082AC1A /* XRPhotoAlbumListView.m */; };
		010290672269D5780082AC1A /* XRPhotoPickerAssetCell.m in Sources */ = {isa = PBXBuildFile; fileRef = 0102904F2269D5780082AC1A /* XRPhotoPickerAssetCell.m */; };
		010290682269D5780082AC1A /* XRPhotoPickerBottomView.m in Sources */ = {isa = PBXBuildFile; fileRef = 010290512269D5780082AC1A /* XRPhotoPickerBottomView.m */; };
		010290692269D5780082AC1A /* XRPhotoPickerNavigationBar.m in Sources */ = {isa = PBXBuildFile; fileRef = 010290532269D5780082AC1A /* XRPhotoPickerNavigationBar.m */; };
		0102906A2269D5780082AC1A /* XRPhotoPickerNavigationTitleView.m in Sources */ = {isa = PBXBuildFile; fileRef = 010290552269D5780082AC1A /* XRPhotoPickerNavigationTitleView.m */; };
		0102906B2269D5780082AC1A /* XRPhotoPickerTakeCameraCell.m in Sources */ = {isa = PBXBuildFile; fileRef = 010290572269D5780082AC1A /* XRPhotoPickerTakeCameraCell.m */; };
		0102906C2269D5780082AC1A /* UIImage+XRPhotosCategorys.m in Sources */ = {isa = PBXBuildFile; fileRef = 0102905B2269D5780082AC1A /* UIImage+XRPhotosCategorys.m */; };
		0102906D2269D5780082AC1A /* XRPhotos.bundle in Resources */ = {isa = PBXBuildFile; fileRef = 0102905D2269D5780082AC1A /* XRPhotos.bundle */; };
		01EFBAE81FC7EE9500C2D94A /* main.m in Sources */ = {isa = PBXBuildFile; fileRef = 01EFBAE71FC7EE9500C2D94A /* main.m */; };
		01EFBAEB1FC7EE9500C2D94A /* AppDelegate.m in Sources */ = {isa = PBXBuildFile; fileRef = 01EFBAEA1FC7EE9500C2D94A /* AppDelegate.m */; };
		01EFBAEE1FC7EE9500C2D94A /* ViewController.m in Sources */ = {isa = PBXBuildFile; fileRef = 01EFBAED1FC7EE9500C2D94A /* ViewController.m */; };
		01EFBAF11FC7EE9500C2D94A /* Main.storyboard in Resources */ = {isa = PBXBuildFile; fileRef = 01EFBAEF1FC7EE9500C2D94A /* Main.storyboard */; };
		01EFBAF31FC7EE9500C2D94A /* Assets.xcassets in Resources */ = {isa = PBXBuildFile; fileRef = 01EFBAF21FC7EE9500C2D94A /* Assets.xcassets */; };
		01EFBAF61FC7EE9500C2D94A /* LaunchScreen.storyboard in Resources */ = {isa = PBXBuildFile; fileRef = 01EFBAF41FC7EE9500C2D94A /* LaunchScreen.storyboard */; };
		01EFBB011FC7EE9500C2D94A /* XRPhotosTests.m in Sources */ = {isa = PBXBuildFile; fileRef = 01EFBB001FC7EE9500C2D94A /* XRPhotosTests.m */; };
		01EFBB0C1FC7EE9500C2D94A /* XRPhotosUITests.m in Sources */ = {isa = PBXBuildFile; fileRef = 01EFBB0B1FC7EE9500C2D94A /* XRPhotosUITests.m */; };
		01EFBB4A1FC7F47F00C2D94A /* PhotoSelectViewController.m in Sources */ = {isa = PBXBuildFile; fileRef = 01EFBB491FC7F47F00C2D94A /* PhotoSelectViewController.m */; };
		6D82D286621165062E44AE2A /* Pods_XRPhotos.framework in Frameworks */ = {isa = PBXBuildFile; fileRef = 3B72508CC876C77AC8A77A33 /* Pods_XRPhotos.framework */; };
		BAD33838740F3DD51787D0D0 /* Pods_XRPhotosTests.framework in Frameworks */ = {isa = PBXBuildFile; fileRef = 9DA120E0A85CEE40955EEA0F /* Pods_XRPhotosTests.framework */; };
		DA41DF84AB60156C795B17D4 /* Pods_XRPhotosUITests.framework in Frameworks */ = {isa = PBXBuildFile; fileRef = 05F22C86CE3F906EA78A5F35 /* Pods_XRPhotosUITests.framework */; };
/* End PBXBuildFile section */

/* Begin PBXContainerItemProxy section */
		01EFBAFD1FC7EE9500C2D94A /* PBXContainerItemProxy */ = {
			isa = PBXContainerItemProxy;
			containerPortal = 01EFBADB1FC7EE9500C2D94A /* Project object */;
			proxyType = 1;
			remoteGlobalIDString = 01EFBAE21FC7EE9500C2D94A;
			remoteInfo = XRPhotos;
		};
		01EFBB081FC7EE9500C2D94A /* PBXContainerItemProxy */ = {
			isa = PBXContainerItemProxy;
			containerPortal = 01EFBADB1FC7EE9500C2D94A /* Project object */;
			proxyType = 1;
			remoteGlobalIDString = 01EFBAE21FC7EE9500C2D94A;
			remoteInfo = XRPhotos;
		};
/* End PBXContainerItemProxy section */

/* Begin PBXFileReference section */
		010290362269D5780082AC1A /* XRPhtoManager.h */ = {isa = PBXFileReference; fileEncoding = 4; lastKnownFileType = sourcecode.c.h; path = XRPhtoManager.h; sourceTree = "<group>"; };
		010290372269D5780082AC1A /* XRPhtoManager.m */ = {isa = PBXFileReference; fileEncoding = 4; lastKnownFileType = sourcecode.c.objc; path = XRPhtoManager.m; sourceTree = "<group>"; };
		010290392269D5780082AC1A /* PhotoAlbumListViewController.h */ = {isa = PBXFileReference; fileEncoding = 4; lastKnownFileType = sourcecode.c.h; path = PhotoAlbumListViewController.h; sourceTree = "<group>"; };
		0102903A2269D5780082AC1A /* PhotoAlbumListViewController.m */ = {isa = PBXFileReference; fileEncoding = 4; lastKnownFileType = sourcecode.c.objc; path = PhotoAlbumListViewController.m; sourceTree = "<group>"; };
		0102903B2269D5780082AC1A /* XRPhotoAlbumListCell.h */ = {isa = PBXFileReference; fileEncoding = 4; lastKnownFileType = sourcecode.c.h; path = XRPhotoAlbumListCell.h; sourceTree = "<group>"; };
		0102903C2269D5780082AC1A /* XRPhotoAlbumListCell.m */ = {isa = PBXFileReference; fileEncoding = 4; lastKnownFileType = sourcecode.c.objc; path = XRPhotoAlbumListCell.m; sourceTree = "<group>"; };
		0102903D2269D5780082AC1A /* XRPhotoAlbumModel.h */ = {isa = PBXFileReference; fileEncoding = 4; lastKnownFileType = sourcecode.c.h; path = XRPhotoAlbumModel.h; sourceTree = "<group>"; };
		0102903E2269D5780082AC1A /* XRPhotoAlbumModel.m */ = {isa = PBXFileReference; fileEncoding = 4; lastKnownFileType = sourcecode.c.objc; path = XRPhotoAlbumModel.m; sourceTree = "<group>"; };
		010290402269D5780082AC1A /* QKPhotoBrowser.h */ = {isa = PBXFileReference; fileEncoding = 4; lastKnownFileType = sourcecode.c.h; path = QKPhotoBrowser.h; sourceTree = "<group>"; };
		010290412269D5780082AC1A /* QKPhotoBrowser.m */ = {isa = PBXFileReference; fileEncoding = 4; lastKnownFileType = sourcecode.c.objc; path = QKPhotoBrowser.m; sourceTree = "<group>"; };
		010290442269D5780082AC1A /* XRPhotoBrowser.h */ = {isa = PBXFileReference; fileEncoding = 4; lastKnownFileType = sourcecode.c.h; path = XRPhotoBrowser.h; sourceTree = "<group>"; };
		010290452269D5780082AC1A /* XRPhotoBrowser.m */ = {isa = PBXFileReference; fileEncoding = 4; lastKnownFileType = sourcecode.c.objc; path = XRPhotoBrowser.m; sourceTree = "<group>"; };
		010290462269D5780082AC1A /* XRPhotoPickerViewController.h */ = {isa = PBXFileReference; fileEncoding = 4; lastKnownFileType = sourcecode.c.h; path = XRPhotoPickerViewController.h; sourceTree = "<group>"; };
		010290472269D5780082AC1A /* XRPhotoPickerViewController.m */ = {isa = PBXFileReference; fileEncoding = 4; lastKnownFileType = sourcecode.c.objc; path = XRPhotoPickerViewController.m; sourceTree = "<group>"; };
		010290492269D5780082AC1A /* XRPhotoAssetModel.h */ = {isa = PBXFileReference; fileEncoding = 4; lastKnownFileType = sourcecode.c.h; path = XRPhotoAssetModel.h; sourceTree = "<group>"; };
		0102904A2269D5780082AC1A /* XRPhotoAssetModel.m */ = {isa = PBXFileReference; fileEncoding = 4; lastKnownFileType = sourcecode.c.objc; path = XRPhotoAssetModel.m; sourceTree = "<group>"; };
		0102904C2269D5780082AC1A /* XRPhotoAlbumListView.h */ = {isa = PBXFileReference; fileEncoding = 4; lastKnownFileType = sourcecode.c.h; path = XRPhotoAlbumListView.h; sourceTree = "<group>"; };
		0102904D2269D5780082AC1A /* XRPhotoAlbumListView.m */ = {isa = PBXFileReference; fileEncoding = 4; lastKnownFileType = sourcecode.c.objc; path = XRPhotoAlbumListView.m; sourceTree = "<group>"; };
		0102904E2269D5780082AC1A /* XRPhotoPickerAssetCell.h */ = {isa = PBXFileReference; fileEncoding = 4; lastKnownFileType = sourcecode.c.h; path = XRPhotoPickerAssetCell.h; sourceTree = "<group>"; };
		0102904F2269D5780082AC1A /* XRPhotoPickerAssetCell.m */ = {isa = PBXFileReference; fileEncoding = 4; lastKnownFileType = sourcecode.c.objc; path = XRPhotoPickerAssetCell.m; sourceTree = "<group>"; };
		010290502269D5780082AC1A /* XRPhotoPickerBottomView.h */ = {isa = PBXFileReference; fileEncoding = 4; lastKnownFileType = sourcecode.c.h; path = XRPhotoPickerBottomView.h; sourceTree = "<group>"; };
		010290512269D5780082AC1A /* XRPhotoPickerBottomView.m */ = {isa = PBXFileReference; fileEncoding = 4; lastKnownFileType = sourcecode.c.objc; path = XRPhotoPickerBottomView.m; sourceTree = "<group>"; };
		010290522269D5780082AC1A /* XRPhotoPickerNavigationBar.h */ = {isa = PBXFileReference; fileEncoding = 4; lastKnownFileType = sourcecode.c.h; path = XRPhotoPickerNavigationBar.h; sourceTree = "<group>"; };
		010290532269D5780082AC1A /* XRPhotoPickerNavigationBar.m */ = {isa = PBXFileReference; fileEncoding = 4; lastKnownFileType = sourcecode.c.objc; path = XRPhotoPickerNavigationBar.m; sourceTree = "<group>"; };
		010290542269D5780082AC1A /* XRPhotoPickerNavigationTitleView.h */ = {isa = PBXFileReference; fileEncoding = 4; lastKnownFileType = sourcecode.c.h; path = XRPhotoPickerNavigationTitleView.h; sourceTree = "<group>"; };
		010290552269D5780082AC1A /* XRPhotoPickerNavigationTitleView.m */ = {isa = PBXFileReference; fileEncoding = 4; lastKnownFileType = sourcecode.c.objc; path = XRPhotoPickerNavigationTitleView.m; sourceTree = "<group>"; };
		010290562269D5780082AC1A /* XRPhotoPickerTakeCameraCell.h */ = {isa = PBXFileReference; fileEncoding = 4; lastKnownFileType = sourcecode.c.h; path = XRPhotoPickerTakeCameraCell.h; sourceTree = "<group>"; };
		010290572269D5780082AC1A /* XRPhotoPickerTakeCameraCell.m */ = {isa = PBXFileReference; fileEncoding = 4; lastKnownFileType = sourcecode.c.objc; path = XRPhotoPickerTakeCameraCell.m; sourceTree = "<group>"; };
		010290582269D5780082AC1A /* XRPhotos.h */ = {isa = PBXFileReference; fileEncoding = 4; lastKnownFileType = sourcecode.c.h; path = XRPhotos.h; sourceTree = "<group>"; };
		0102905A2269D5780082AC1A /* UIImage+XRPhotosCategorys.h */ = {isa = PBXFileReference; fileEncoding = 4; lastKnownFileType = sourcecode.c.h; path = "UIImage+XRPhotosCategorys.h"; sourceTree = "<group>"; };
		0102905B2269D5780082AC1A /* UIImage+XRPhotosCategorys.m */ = {isa = PBXFileReference; fileEncoding = 4; lastKnownFileType = sourcecode.c.objc; path = "UIImage+XRPhotosCategorys.m"; sourceTree = "<group>"; };
		0102905C2269D5780082AC1A /* XRPhotosConfigs.h */ = {isa = PBXFileReference; fileEncoding = 4; lastKnownFileType = sourcecode.c.h; path = XRPhotosConfigs.h; sourceTree = "<group>"; };
		0102905D2269D5780082AC1A /* XRPhotos.bundle */ = {isa = PBXFileReference; lastKnownFileType = "wrapper.plug-in"; path = XRPhotos.bundle; sourceTree = "<group>"; };
		01EFBAE31FC7EE9500C2D94A /* XRPhotos.app */ = {isa = PBXFileReference; explicitFileType = wrapper.application; includeInIndex = 0; path = XRPhotos.app; sourceTree = BUILT_PRODUCTS_DIR; };
		01EFBAE71FC7EE9500C2D94A /* main.m */ = {isa = PBXFileReference; lastKnownFileType = sourcecode.c.objc; path = main.m; sourceTree = "<group>"; };
		01EFBAE91FC7EE9500C2D94A /* AppDelegate.h */ = {isa = PBXFileReference; lastKnownFileType = sourcecode.c.h; path = AppDelegate.h; sourceTree = "<group>"; };
		01EFBAEA1FC7EE9500C2D94A /* AppDelegate.m */ = {isa = PBXFileReference; lastKnownFileType = sourcecode.c.objc; path = AppDelegate.m; sourceTree = "<group>"; };
		01EFBAEC1FC7EE9500C2D94A /* ViewController.h */ = {isa = PBXFileReference; lastKnownFileType = sourcecode.c.h; path = ViewController.h; sourceTree = "<group>"; };
		01EFBAED1FC7EE9500C2D94A /* ViewController.m */ = {isa = PBXFileReference; lastKnownFileType = sourcecode.c.objc; path = ViewController.m; sourceTree = "<group>"; };
		01EFBAF01FC7EE9500C2D94A /* Base */ = {isa = PBXFileReference; lastKnownFileType = file.storyboard; name = Base; path = Base.lproj/Main.storyboard; sourceTree = "<group>"; };
		01EFBAF21FC7EE9500C2D94A /* Assets.xcassets */ = {isa = PBXFileReference; lastKnownFileType = folder.assetcatalog; path = Assets.xcassets; sourceTree = "<group>"; };
		01EFBAF51FC7EE9500C2D94A /* Base */ = {isa = PBXFileReference; lastKnownFileType = file.storyboard; name = Base; path = Base.lproj/LaunchScreen.storyboard; sourceTree = "<group>"; };
		01EFBAF71FC7EE9500C2D94A /* Info.plist */ = {isa = PBXFileReference; lastKnownFileType = text.plist.xml; path = Info.plist; sourceTree = "<group>"; };
		01EFBAFC1FC7EE9500C2D94A /* XRPhotosTests.xctest */ = {isa = PBXFileReference; explicitFileType = wrapper.cfbundle; includeInIndex = 0; path = XRPhotosTests.xctest; sourceTree = BUILT_PRODUCTS_DIR; };
		01EFBB001FC7EE9500C2D94A /* XRPhotosTests.m */ = {isa = PBXFileReference; lastKnownFileType = sourcecode.c.objc; path = XRPhotosTests.m; sourceTree = "<group>"; };
		01EFBB021FC7EE9500C2D94A /* Info.plist */ = {isa = PBXFileReference; lastKnownFileType = text.plist.xml; path = Info.plist; sourceTree = "<group>"; };
		01EFBB071FC7EE9500C2D94A /* XRPhotosUITests.xctest */ = {isa = PBXFileReference; explicitFileType = wrapper.cfbundle; includeInIndex = 0; path = XRPhotosUITests.xctest; sourceTree = BUILT_PRODUCTS_DIR; };
		01EFBB0B1FC7EE9500C2D94A /* XRPhotosUITests.m */ = {isa = PBXFileReference; lastKnownFileType = sourcecode.c.objc; path = XRPhotosUITests.m; sourceTree = "<group>"; };
		01EFBB0D1FC7EE9500C2D94A /* Info.plist */ = {isa = PBXFileReference; lastKnownFileType = text.plist.xml; path = Info.plist; sourceTree = "<group>"; };
		01EFBB481FC7F47F00C2D94A /* PhotoSelectViewController.h */ = {isa = PBXFileReference; fileEncoding = 4; lastKnownFileType = sourcecode.c.h; path = PhotoSelectViewController.h; sourceTree = "<group>"; };
		01EFBB491FC7F47F00C2D94A /* PhotoSelectViewController.m */ = {isa = PBXFileReference; fileEncoding = 4; lastKnownFileType = sourcecode.c.objc; path = PhotoSelectViewController.m; sourceTree = "<group>"; };
		05F22C86CE3F906EA78A5F35 /* Pods_XRPhotosUITests.framework */ = {isa = PBXFileReference; explicitFileType = wrapper.framework; includeInIndex = 0; path = Pods_XRPhotosUITests.framework; sourceTree = BUILT_PRODUCTS_DIR; };
		0D2DEFF2C764FF810E71F32C /* Pods-XRPhotos.debug.xcconfig */ = {isa = PBXFileReference; includeInIndex = 1; lastKnownFileType = text.xcconfig; name = "Pods-XRPhotos.debug.xcconfig"; path = "Pods/Target Support Files/Pods-XRPhotos/Pods-XRPhotos.debug.xcconfig"; sourceTree = "<group>"; };
		3B72508CC876C77AC8A77A33 /* Pods_XRPhotos.framework */ = {isa = PBXFileReference; explicitFileType = wrapper.framework; includeInIndex = 0; path = Pods_XRPhotos.framework; sourceTree = BUILT_PRODUCTS_DIR; };
		496A299EC0B6C86AE5E5328C /* Pods-XRPhotosTests.debug.xcconfig */ = {isa = PBXFileReference; includeInIndex = 1; lastKnownFileType = text.xcconfig; name = "Pods-XRPhotosTests.debug.xcconfig"; path = "Pods/Target Support Files/Pods-XRPhotosTests/Pods-XRPhotosTests.debug.xcconfig"; sourceTree = "<group>"; };
		4BC95508F92D07BCAB60A6F0 /* Pods-XRPhotosUITests.release.xcconfig */ = {isa = PBXFileReference; includeInIndex = 1; lastKnownFileType = text.xcconfig; name = "Pods-XRPhotosUITests.release.xcconfig"; path = "Pods/Target Support Files/Pods-XRPhotosUITests/Pods-XRPhotosUITests.release.xcconfig"; sourceTree = "<group>"; };
		9DA120E0A85CEE40955EEA0F /* Pods_XRPhotosTests.framework */ = {isa = PBXFileReference; explicitFileType = wrapper.framework; includeInIndex = 0; path = Pods_XRPhotosTests.framework; sourceTree = BUILT_PRODUCTS_DIR; };
		C4EA2421C5028D33CED1F769 /* Pods-XRPhotosUITests.debug.xcconfig */ = {isa = PBXFileReference; includeInIndex = 1; lastKnownFileType = text.xcconfig; name = "Pods-XRPhotosUITests.debug.xcconfig"; path = "Pods/Target Support Files/Pods-XRPhotosUITests/Pods-XRPhotosUITests.debug.xcconfig"; sourceTree = "<group>"; };
		D5D5DBAE1685047D55E6936A /* Pods-XRPhotos.release.xcconfig */ = {isa = PBXFileReference; includeInIndex = 1; lastKnownFileType = text.xcconfig; name = "Pods-XRPhotos.release.xcconfig"; path = "Pods/Target Support Files/Pods-XRPhotos/Pods-XRPhotos.release.xcconfig"; sourceTree = "<group>"; };
		FECFD6C374D4F7CB3632039C /* Pods-XRPhotosTests.release.xcconfig */ = {isa = PBXFileReference; includeInIndex = 1; lastKnownFileType = text.xcconfig; name = "Pods-XRPhotosTests.release.xcconfig"; path = "Pods/Target Support Files/Pods-XRPhotosTests/Pods-XRPhotosTests.release.xcconfig"; sourceTree = "<group>"; };
/* End PBXFileReference section */

/* Begin PBXFrameworksBuildPhase section */
		01EFBAE01FC7EE9500C2D94A /* Frameworks */ = {
			isa = PBXFrameworksBuildPhase;
			buildActionMask = 2147483647;
			files = (
				6D82D286621165062E44AE2A /* Pods_XRPhotos.framework in Frameworks */,
			);
			runOnlyForDeploymentPostprocessing = 0;
		};
		01EFBAF91FC7EE9500C2D94A /* Frameworks */ = {
			isa = PBXFrameworksBuildPhase;
			buildActionMask = 2147483647;
			files = (
				BAD33838740F3DD51787D0D0 /* Pods_XRPhotosTests.framework in Frameworks */,
			);
			runOnlyForDeploymentPostprocessing = 0;
		};
		01EFBB041FC7EE9500C2D94A /* Frameworks */ = {
			isa = PBXFrameworksBuildPhase;
			buildActionMask = 2147483647;
			files = (
				DA41DF84AB60156C795B17D4 /* Pods_XRPhotosUITests.framework in Frameworks */,
			);
			runOnlyForDeploymentPostprocessing = 0;
		};
/* End PBXFrameworksBuildPhase section */

/* Begin PBXGroup section */
		010290332269D5780082AC1A /* Source */ = {
			isa = PBXGroup;
			children = (
				010290342269D5780082AC1A /* Clasess */,
				0102905D2269D5780082AC1A /* XRPhotos.bundle */,
			);
			path = Source;
			sourceTree = "<group>";
		};
		010290342269D5780082AC1A /* Clasess */ = {
			isa = PBXGroup;
			children = (
				010290352269D5780082AC1A /* Manager */,
				010290382269D5780082AC1A /* PhotoAlbum */,
				0102903F2269D5780082AC1A /* PhotoBrower */,
				010290422269D5780082AC1A /* PhotoPickerController */,
				010290582269D5780082AC1A /* XRPhotos.h */,
				010290592269D5780082AC1A /* XRPhotosCategorys */,
				0102905C2269D5780082AC1A /* XRPhotosConfigs.h */,
			);
			path = Clasess;
			sourceTree = "<group>";
		};
		010290352269D5780082AC1A /* Manager */ = {
			isa = PBXGroup;
			children = (
				010290362269D5780082AC1A /* XRPhtoManager.h */,
				010290372269D5780082AC1A /* XRPhtoManager.m */,
			);
			path = Manager;
			sourceTree = "<group>";
		};
		010290382269D5780082AC1A /* PhotoAlbum */ = {
			isa = PBXGroup;
			children = (
				010290392269D5780082AC1A /* PhotoAlbumListViewController.h */,
				0102903A2269D5780082AC1A /* PhotoAlbumListViewController.m */,
				0102903B2269D5780082AC1A /* XRPhotoAlbumListCell.h */,
				0102903C2269D5780082AC1A /* XRPhotoAlbumListCell.m */,
				0102903D2269D5780082AC1A /* XRPhotoAlbumModel.h */,
				0102903E2269D5780082AC1A /* XRPhotoAlbumModel.m */,
			);
			path = PhotoAlbum;
			sourceTree = "<group>";
		};
		0102903F2269D5780082AC1A /* PhotoBrower */ = {
			isa = PBXGroup;
			children = (
				010290402269D5780082AC1A /* QKPhotoBrowser.h */,
				010290412269D5780082AC1A /* QKPhotoBrowser.m */,
			);
			path = PhotoBrower;
			sourceTree = "<group>";
		};
		010290422269D5780082AC1A /* PhotoPickerController */ = {
			isa = PBXGroup;
			children = (
				010290432269D5780082AC1A /* Controllers */,
				010290482269D5780082AC1A /* Models */,
				0102904B2269D5780082AC1A /* Views */,
			);
			path = PhotoPickerController;
			sourceTree = "<group>";
		};
		010290432269D5780082AC1A /* Controllers */ = {
			isa = PBXGroup;
			children = (
				010290442269D5780082AC1A /* XRPhotoBrowser.h */,
				010290452269D5780082AC1A /* XRPhotoBrowser.m */,
				010290462269D5780082AC1A /* XRPhotoPickerViewController.h */,
				010290472269D5780082AC1A /* XRPhotoPickerViewController.m */,
			);
			path = Controllers;
			sourceTree = "<group>";
		};
		010290482269D5780082AC1A /* Models */ = {
			isa = PBXGroup;
			children = (
				010290492269D5780082AC1A /* XRPhotoAssetModel.h */,
				0102904A2269D5780082AC1A /* XRPhotoAssetModel.m */,
			);
			path = Models;
			sourceTree = "<group>";
		};
		0102904B2269D5780082AC1A /* Views */ = {
			isa = PBXGroup;
			children = (
				0102904C2269D5780082AC1A /* XRPhotoAlbumListView.h */,
				0102904D2269D5780082AC1A /* XRPhotoAlbumListView.m */,
				0102904E2269D5780082AC1A /* XRPhotoPickerAssetCell.h */,
				0102904F2269D5780082AC1A /* XRPhotoPickerAssetCell.m */,
				010290502269D5780082AC1A /* XRPhotoPickerBottomView.h */,
				010290512269D5780082AC1A /* XRPhotoPickerBottomView.m */,
				010290522269D5780082AC1A /* XRPhotoPickerNavigationBar.h */,
				010290532269D5780082AC1A /* XRPhotoPickerNavigationBar.m */,
				010290542269D5780082AC1A /* XRPhotoPickerNavigationTitleView.h */,
				010290552269D5780082AC1A /* XRPhotoPickerNavigationTitleView.m */,
				010290562269D5780082AC1A /* XRPhotoPickerTakeCameraCell.h */,
				010290572269D5780082AC1A /* XRPhotoPickerTakeCameraCell.m */,
			);
			path = Views;
			sourceTree = "<group>";
		};
		010290592269D5780082AC1A /* XRPhotosCategorys */ = {
			isa = PBXGroup;
			children = (
				0102905A2269D5780082AC1A /* UIImage+XRPhotosCategorys.h */,
				0102905B2269D5780082AC1A /* UIImage+XRPhotosCategorys.m */,
			);
			path = XRPhotosCategorys;
			sourceTree = "<group>";
		};
		01EFBADA1FC7EE9500C2D94A = {
			isa = PBXGroup;
			children = (
				01EFBAE51FC7EE9500C2D94A /* XRPhotos */,
				01EFBAFF1FC7EE9500C2D94A /* XRPhotosTests */,
				01EFBB0A1FC7EE9500C2D94A /* XRPhotosUITests */,
				01EFBAE41FC7EE9500C2D94A /* Products */,
				D0A84E578132D8F293655D3A /* Pods */,
				799B818AA61D00D861EFA74F /* Frameworks */,
			);
			sourceTree = "<group>";
		};
		01EFBAE41FC7EE9500C2D94A /* Products */ = {
			isa = PBXGroup;
			children = (
				01EFBAE31FC7EE9500C2D94A /* XRPhotos.app */,
				01EFBAFC1FC7EE9500C2D94A /* XRPhotosTests.xctest */,
				01EFBB071FC7EE9500C2D94A /* XRPhotosUITests.xctest */,
			);
			name = Products;
			sourceTree = "<group>";
		};
		01EFBAE51FC7EE9500C2D94A /* XRPhotos */ = {
			isa = PBXGroup;
			children = (
				010290332269D5780082AC1A /* Source */,
				01EFBAE91FC7EE9500C2D94A /* AppDelegate.h */,
				01EFBAEA1FC7EE9500C2D94A /* AppDelegate.m */,
				01EFBB481FC7F47F00C2D94A /* PhotoSelectViewController.h */,
				01EFBB491FC7F47F00C2D94A /* PhotoSelectViewController.m */,
				01EFBAEC1FC7EE9500C2D94A /* ViewController.h */,
				01EFBAED1FC7EE9500C2D94A /* ViewController.m */,
				01EFBAEF1FC7EE9500C2D94A /* Main.storyboard */,
				01EFBAF21FC7EE9500C2D94A /* Assets.xcassets */,
				01EFBAF41FC7EE9500C2D94A /* LaunchScreen.storyboard */,
				01EFBAF71FC7EE9500C2D94A /* Info.plist */,
				01EFBAE61FC7EE9500C2D94A /* Supporting Files */,
			);
			path = XRPhotos;
			sourceTree = "<group>";
		};
		01EFBAE61FC7EE9500C2D94A /* Supporting Files */ = {
			isa = PBXGroup;
			children = (
				01EFBAE71FC7EE9500C2D94A /* main.m */,
			);
			name = "Supporting Files";
			sourceTree = "<group>";
		};
		01EFBAFF1FC7EE9500C2D94A /* XRPhotosTests */ = {
			isa = PBXGroup;
			children = (
				01EFBB001FC7EE9500C2D94A /* XRPhotosTests.m */,
				01EFBB021FC7EE9500C2D94A /* Info.plist */,
			);
			path = XRPhotosTests;
			sourceTree = "<group>";
		};
		01EFBB0A1FC7EE9500C2D94A /* XRPhotosUITests */ = {
			isa = PBXGroup;
			children = (
				01EFBB0B1FC7EE9500C2D94A /* XRPhotosUITests.m */,
				01EFBB0D1FC7EE9500C2D94A /* Info.plist */,
			);
			path = XRPhotosUITests;
			sourceTree = "<group>";
		};
		799B818AA61D00D861EFA74F /* Frameworks */ = {
			isa = PBXGroup;
			children = (
				3B72508CC876C77AC8A77A33 /* Pods_XRPhotos.framework */,
				9DA120E0A85CEE40955EEA0F /* Pods_XRPhotosTests.framework */,
				05F22C86CE3F906EA78A5F35 /* Pods_XRPhotosUITests.framework */,
			);
			name = Frameworks;
			sourceTree = "<group>";
		};
		D0A84E578132D8F293655D3A /* Pods */ = {
			isa = PBXGroup;
			children = (
				0D2DEFF2C764FF810E71F32C /* Pods-XRPhotos.debug.xcconfig */,
				D5D5DBAE1685047D55E6936A /* Pods-XRPhotos.release.xcconfig */,
				496A299EC0B6C86AE5E5328C /* Pods-XRPhotosTests.debug.xcconfig */,
				FECFD6C374D4F7CB3632039C /* Pods-XRPhotosTests.release.xcconfig */,
				C4EA2421C5028D33CED1F769 /* Pods-XRPhotosUITests.debug.xcconfig */,
				4BC95508F92D07BCAB60A6F0 /* Pods-XRPhotosUITests.release.xcconfig */,
			);
			name = Pods;
			sourceTree = "<group>";
		};
/* End PBXGroup section */

/* Begin PBXNativeTarget section */
		01EFBAE21FC7EE9500C2D94A /* XRPhotos */ = {
			isa = PBXNativeTarget;
			buildConfigurationList = 01EFBB101FC7EE9500C2D94A /* Build configuration list for PBXNativeTarget "XRPhotos" */;
			buildPhases = (
				C9CAD492467B19409D4FEA0B /* [CP] Check Pods Manifest.lock */,
				01EFBADF1FC7EE9500C2D94A /* Sources */,
				01EFBAE01FC7EE9500C2D94A /* Frameworks */,
				01EFBAE11FC7EE9500C2D94A /* Resources */,
				EE0802A088B2F5E8F9BF33EF /* [CP] Embed Pods Frameworks */,
			);
			buildRules = (
			);
			dependencies = (
			);
			name = XRPhotos;
			productName = XRPhotos;
			productReference = 01EFBAE31FC7EE9500C2D94A /* XRPhotos.app */;
			productType = "com.apple.product-type.application";
		};
		01EFBAFB1FC7EE9500C2D94A /* XRPhotosTests */ = {
			isa = PBXNativeTarget;
			buildConfigurationList = 01EFBB131FC7EE9500C2D94A /* Build configuration list for PBXNativeTarget "XRPhotosTests" */;
			buildPhases = (
				C20FB1A6CB6D039EE6259588 /* [CP] Check Pods Manifest.lock */,
				01EFBAF81FC7EE9500C2D94A /* Sources */,
				01EFBAF91FC7EE9500C2D94A /* Frameworks */,
				01EFBAFA1FC7EE9500C2D94A /* Resources */,
			);
			buildRules = (
			);
			dependencies = (
				01EFBAFE1FC7EE9500C2D94A /* PBXTargetDependency */,
			);
			name = XRPhotosTests;
			productName = XRPhotosTests;
			productReference = 01EFBAFC1FC7EE9500C2D94A /* XRPhotosTests.xctest */;
			productType = "com.apple.product-type.bundle.unit-test";
		};
		01EFBB061FC7EE9500C2D94A /* XRPhotosUITests */ = {
			isa = PBXNativeTarget;
			buildConfigurationList = 01EFBB161FC7EE9500C2D94A /* Build configuration list for PBXNativeTarget "XRPhotosUITests" */;
			buildPhases = (
				33A25D31F594CA2FD5262504 /* [CP] Check Pods Manifest.lock */,
				01EFBB031FC7EE9500C2D94A /* Sources */,
				01EFBB041FC7EE9500C2D94A /* Frameworks */,
				01EFBB051FC7EE9500C2D94A /* Resources */,
			);
			buildRules = (
			);
			dependencies = (
				01EFBB091FC7EE9500C2D94A /* PBXTargetDependency */,
			);
			name = XRPhotosUITests;
			productName = XRPhotosUITests;
			productReference = 01EFBB071FC7EE9500C2D94A /* XRPhotosUITests.xctest */;
			productType = "com.apple.product-type.bundle.ui-testing";
		};
/* End PBXNativeTarget section */

/* Begin PBXProject section */
		01EFBADB1FC7EE9500C2D94A /* Project object */ = {
			isa = PBXProject;
			attributes = {
				LastUpgradeCheck = 0800;
				ORGANIZATIONNAME = "是心作佛";
				TargetAttributes = {
					01EFBAE21FC7EE9500C2D94A = {
						CreatedOnToolsVersion = 8.0;
						DevelopmentTeam = 23PU435V7A;
						ProvisioningStyle = Manual;
					};
					01EFBAFB1FC7EE9500C2D94A = {
						CreatedOnToolsVersion = 8.0;
						ProvisioningStyle = Automatic;
						TestTargetID = 01EFBAE21FC7EE9500C2D94A;
					};
					01EFBB061FC7EE9500C2D94A = {
						CreatedOnToolsVersion = 8.0;
						ProvisioningStyle = Automatic;
						TestTargetID = 01EFBAE21FC7EE9500C2D94A;
					};
				};
			};
			buildConfigurationList = 01EFBADE1FC7EE9500C2D94A /* Build configuration list for PBXProject "XRPhotos" */;
			compatibilityVersion = "Xcode 3.2";
			developmentRegion = English;
			hasScannedForEncodings = 0;
			knownRegions = (
				en,
				Base,
			);
			mainGroup = 01EFBADA1FC7EE9500C2D94A;
			productRefGroup = 01EFBAE41FC7EE9500C2D94A /* Products */;
			projectDirPath = "";
			projectRoot = "";
			targets = (
				01EFBAE21FC7EE9500C2D94A /* XRPhotos */,
				01EFBAFB1FC7EE9500C2D94A /* XRPhotosTests */,
				01EFBB061FC7EE9500C2D94A /* XRPhotosUITests */,
			);
		};
/* End PBXProject section */

/* Begin PBXResourcesBuildPhase section */
		01EFBAE11FC7EE9500C2D94A /* Resources */ = {
			isa = PBXResourcesBuildPhase;
			buildActionMask = 2147483647;
			files = (
				01EFBAF61FC7EE9500C2D94A /* LaunchScreen.storyboard in Resources */,
				01EFBAF31FC7EE9500C2D94A /* Assets.xcassets in Resources */,
				0102906D2269D5780082AC1A /* XRPhotos.bundle in Resources */,
				01EFBAF11FC7EE9500C2D94A /* Main.storyboard in Resources */,
			);
			runOnlyForDeploymentPostprocessing = 0;
		};
		01EFBAFA1FC7EE9500C2D94A /* Resources */ = {
			isa = PBXResourcesBuildPhase;
			buildActionMask = 2147483647;
			files = (
			);
			runOnlyForDeploymentPostprocessing = 0;
		};
		01EFBB051FC7EE9500C2D94A /* Resources */ = {
			isa = PBXResourcesBuildPhase;
			buildActionMask = 2147483647;
			files = (
			);
			runOnlyForDeploymentPostprocessing = 0;
		};
/* End PBXResourcesBuildPhase section */

/* Begin PBXShellScriptBuildPhase section */
		33A25D31F594CA2FD5262504 /* [CP] Check Pods Manifest.lock */ = {
			isa = PBXShellScriptBuildPhase;
			buildActionMask = 2147483647;
			files = (
			);
			inputPaths = (
				"${PODS_PODFILE_DIR_PATH}/Podfile.lock",
				"${PODS_ROOT}/Manifest.lock",
			);
			name = "[CP] Check Pods Manifest.lock";
			outputPaths = (
				"$(DERIVED_FILE_DIR)/Pods-XRPhotosUITests-checkManifestLockResult.txt",
			);
			runOnlyForDeploymentPostprocessing = 0;
			shellPath = /bin/sh;
			shellScript = "diff \"${PODS_PODFILE_DIR_PATH}/Podfile.lock\" \"${PODS_ROOT}/Manifest.lock\" > /dev/null\nif [ $? != 0 ] ; then\n    # print error to STDERR\n    echo \"error: The sandbox is not in sync with the Podfile.lock. Run 'pod install' or update your CocoaPods installation.\" >&2\n    exit 1\nfi\n# This output is used by Xcode 'outputs' to avoid re-running this script phase.\necho \"SUCCESS\" > \"${SCRIPT_OUTPUT_FILE_0}\"\n";
			showEnvVarsInLog = 0;
		};
		C20FB1A6CB6D039EE6259588 /* [CP] Check Pods Manifest.lock */ = {
			isa = PBXShellScriptBuildPhase;
			buildActionMask = 2147483647;
			files = (
			);
			inputPaths = (
				"${PODS_PODFILE_DIR_PATH}/Podfile.lock",
				"${PODS_ROOT}/Manifest.lock",
			);
			name = "[CP] Check Pods Manifest.lock";
			outputPaths = (
				"$(DERIVED_FILE_DIR)/Pods-XRPhotosTests-checkManifestLockResult.txt",
			);
			runOnlyForDeploymentPostprocessing = 0;
			shellPath = /bin/sh;
			shellScript = "diff \"${PODS_PODFILE_DIR_PATH}/Podfile.lock\" \"${PODS_ROOT}/Manifest.lock\" > /dev/null\nif [ $? != 0 ] ; then\n    # print error to STDERR\n    echo \"error: The sandbox is not in sync with the Podfile.lock. Run 'pod install' or update your CocoaPods installation.\" >&2\n    exit 1\nfi\n# This output is used by Xcode 'outputs' to avoid re-running this script phase.\necho \"SUCCESS\" > \"${SCRIPT_OUTPUT_FILE_0}\"\n";
			showEnvVarsInLog = 0;
		};
		C9CAD492467B19409D4FEA0B /* [CP] Check Pods Manifest.lock */ = {
			isa = PBXShellScriptBuildPhase;
			buildActionMask = 2147483647;
			files = (
			);
			inputPaths = (
				"${PODS_PODFILE_DIR_PATH}/Podfile.lock",
				"${PODS_ROOT}/Manifest.lock",
			);
			name = "[CP] Check Pods Manifest.lock";
			outputPaths = (
				"$(DERIVED_FILE_DIR)/Pods-XRPhotos-checkManifestLockResult.txt",
			);
			runOnlyForDeploymentPostprocessing = 0;
			shellPath = /bin/sh;
			shellScript = "diff \"${PODS_PODFILE_DIR_PATH}/Podfile.lock\" \"${PODS_ROOT}/Manifest.lock\" > /dev/null\nif [ $? != 0 ] ; then\n    # print error to STDERR\n    echo \"error: The sandbox is not in sync with the Podfile.lock. Run 'pod install' or update your CocoaPods installation.\" >&2\n    exit 1\nfi\n# This output is used by Xcode 'outputs' to avoid re-running this script phase.\necho \"SUCCESS\" > \"${SCRIPT_OUTPUT_FILE_0}\"\n";
			showEnvVarsInLog = 0;
		};
		EE0802A088B2F5E8F9BF33EF /* [CP] Embed Pods Frameworks */ = {
			isa = PBXShellScriptBuildPhase;
			buildActionMask = 2147483647;
			files = (
			);
			inputPaths = (
				"${SRCROOT}/Pods/Target Support Files/Pods-XRPhotos/Pods-XRPhotos-frameworks.sh",
				"${BUILT_PRODUCTS_DIR}/DACircularProgress/DACircularProgress.framework",
				"${BUILT_PRODUCTS_DIR}/MBProgressHUD/MBProgressHUD.framework",
				"${BUILT_PRODUCTS_DIR}/MWPhotoBrowser/MWPhotoBrowser.framework",
				"${BUILT_PRODUCTS_DIR}/RSKImageCropper/RSKImageCropper.framework",
				"${BUILT_PRODUCTS_DIR}/SDWebImage/SDWebImage.framework",
			);
			name = "[CP] Embed Pods Frameworks";
			outputPaths = (
				"${TARGET_BUILD_DIR}/${FRAMEWORKS_FOLDER_PATH}/DACircularProgress.framework",
				"${TARGET_BUILD_DIR}/${FRAMEWORKS_FOLDER_PATH}/MBProgressHUD.framework",
				"${TARGET_BUILD_DIR}/${FRAMEWORKS_FOLDER_PATH}/MWPhotoBrowser.framework",
				"${TARGET_BUILD_DIR}/${FRAMEWORKS_FOLDER_PATH}/RSKImageCropper.framework",
				"${TARGET_BUILD_DIR}/${FRAMEWORKS_FOLDER_PATH}/SDWebImage.framework",
			);
			runOnlyForDeploymentPostprocessing = 0;
			shellPath = /bin/sh;
			shellScript = "\"${SRCROOT}/Pods/Target Support Files/Pods-XRPhotos/Pods-XRPhotos-frameworks.sh\"\n";
			showEnvVarsInLog = 0;
		};
/* End PBXShellScriptBuildPhase section */

/* Begin PBXSourcesBuildPhase section */
		01EFBADF1FC7EE9500C2D94A /* Sources */ = {
			isa = PBXSourcesBuildPhase;
			buildActionMask = 2147483647;
			files = (
				01EFBAEE1FC7EE9500C2D94A /* ViewController.m in Sources */,
				010290672269D5780082AC1A /* XRPhotoPickerAssetCell.m in Sources */,
				010290682269D5780082AC1A /* XRPhotoPickerBottomView.m in Sources */,
				0102905F2269D5780082AC1A /* PhotoAlbumListViewController.m in Sources */,
				010290642269D5780082AC1A /* XRPhotoPickerViewController.m in Sources */,
				0102906C2269D5780082AC1A /* UIImage+XRPhotosCategorys.m in Sources */,
				010290652269D5780082AC1A /* XRPhotoAssetModel.m in Sources */,
				010290602269D5780082AC1A /* XRPhotoAlbumListCell.m in Sources */,
				01EFBB4A1FC7F47F00C2D94A /* PhotoSelectViewController.m in Sources */,
				010290612269D5780082AC1A /* XRPhotoAlbumModel.m in Sources */,
				01EFBAEB1FC7EE9500C2D94A /* AppDelegate.m in Sources */,
				0102906B2269D5780082AC1A /* XRPhotoPickerTakeCameraCell.m in Sources */,
				010290622269D5780082AC1A /* QKPhotoBrowser.m in Sources */,
				0102906A2269D5780082AC1A /* XRPhotoPickerNavigationTitleView.m in Sources */,
				01EFBAE81FC7EE9500C2D94A /* main.m in Sources */,
				010290662269D5780082AC1A /* XRPhotoAlbumListView.m in Sources */,
				0102905E2269D5780082AC1A /* XRPhtoManager.m in Sources */,
				010290692269D5780082AC1A /* XRPhotoPickerNavigationBar.m in Sources */,
				010290632269D5780082AC1A /* XRPhotoBrowser.m in Sources */,
			);
			runOnlyForDeploymentPostprocessing = 0;
		};
		01EFBAF81FC7EE9500C2D94A /* Sources */ = {
			isa = PBXSourcesBuildPhase;
			buildActionMask = 2147483647;
			files = (
				01EFBB011FC7EE9500C2D94A /* XRPhotosTests.m in Sources */,
			);
			runOnlyForDeploymentPostprocessing = 0;
		};
		01EFBB031FC7EE9500C2D94A /* Sources */ = {
			isa = PBXSourcesBuildPhase;
			buildActionMask = 2147483647;
			files = (
				01EFBB0C1FC7EE9500C2D94A /* XRPhotosUITests.m in Sources */,
			);
			runOnlyForDeploymentPostprocessing = 0;
		};
/* End PBXSourcesBuildPhase section */

/* Begin PBXTargetDependency section */
		01EFBAFE1FC7EE9500C2D94A /* PBXTargetDependency */ = {
			isa = PBXTargetDependency;
			target = 01EFBAE21FC7EE9500C2D94A /* XRPhotos */;
			targetProxy = 01EFBAFD1FC7EE9500C2D94A /* PBXContainerItemProxy */;
		};
		01EFBB091FC7EE9500C2D94A /* PBXTargetDependency */ = {
			isa = PBXTargetDependency;
			target = 01EFBAE21FC7EE9500C2D94A /* XRPhotos */;
			targetProxy = 01EFBB081FC7EE9500C2D94A /* PBXContainerItemProxy */;
		};
/* End PBXTargetDependency section */

/* Begin PBXVariantGroup section */
		01EFBAEF1FC7EE9500C2D94A /* Main.storyboard */ = {
			isa = PBXVariantGroup;
			children = (
				01EFBAF01FC7EE9500C2D94A /* Base */,
			);
			name = Main.storyboard;
			sourceTree = "<group>";
		};
		01EFBAF41FC7EE9500C2D94A /* LaunchScreen.storyboard */ = {
			isa = PBXVariantGroup;
			children = (
				01EFBAF51FC7EE9500C2D94A /* Base */,
			);
			name = LaunchScreen.storyboard;
			sourceTree = "<group>";
		};
/* End PBXVariantGroup section */

/* Begin XCBuildConfiguration section */
		01EFBB0E1FC7EE9500C2D94A /* Debug */ = {
			isa = XCBuildConfiguration;
			buildSettings = {
				ALWAYS_SEARCH_USER_PATHS = NO;
				CLANG_ANALYZER_NONNULL = YES;
				CLANG_CXX_LANGUAGE_STANDARD = "gnu++0x";
				CLANG_CXX_LIBRARY = "libc++";
				CLANG_ENABLE_MODULES = YES;
				CLANG_ENABLE_OBJC_ARC = YES;
				CLANG_WARN_BOOL_CONVERSION = YES;
				CLANG_WARN_CONSTANT_CONVERSION = YES;
				CLANG_WARN_DIRECT_OBJC_ISA_USAGE = YES_ERROR;
				CLANG_WARN_DOCUMENTATION_COMMENTS = YES;
				CLANG_WARN_EMPTY_BODY = YES;
				CLANG_WARN_ENUM_CONVERSION = YES;
				CLANG_WARN_INFINITE_RECURSION = YES;
				CLANG_WARN_INT_CONVERSION = YES;
				CLANG_WARN_OBJC_ROOT_CLASS = YES_ERROR;
				CLANG_WARN_SUSPICIOUS_MOVES = YES;
				CLANG_WARN_UNREACHABLE_CODE = YES;
				CLANG_WARN__DUPLICATE_METHOD_MATCH = YES;
				"CODE_SIGN_IDENTITY[sdk=iphoneos*]" = "iPhone Developer";
				COPY_PHASE_STRIP = NO;
				DEBUG_INFORMATION_FORMAT = dwarf;
				ENABLE_STRICT_OBJC_MSGSEND = YES;
				ENABLE_TESTABILITY = YES;
				GCC_C_LANGUAGE_STANDARD = gnu99;
				GCC_DYNAMIC_NO_PIC = NO;
				GCC_NO_COMMON_BLOCKS = YES;
				GCC_OPTIMIZATION_LEVEL = 0;
				GCC_PREPROCESSOR_DEFINITIONS = (
					"DEBUG=1",
					"$(inherited)",
				);
				GCC_WARN_64_TO_32_BIT_CONVERSION = YES;
				GCC_WARN_ABOUT_RETURN_TYPE = YES_ERROR;
				GCC_WARN_UNDECLARED_SELECTOR = YES;
				GCC_WARN_UNINITIALIZED_AUTOS = YES_AGGRESSIVE;
				GCC_WARN_UNUSED_FUNCTION = YES;
				GCC_WARN_UNUSED_VARIABLE = YES;
				IPHONEOS_DEPLOYMENT_TARGET = 10.0;
				MTL_ENABLE_DEBUG_INFO = YES;
				ONLY_ACTIVE_ARCH = YES;
				SDKROOT = iphoneos;
				TARGETED_DEVICE_FAMILY = "1,2";
			};
			name = Debug;
		};
		01EFBB0F1FC7EE9500C2D94A /* Release */ = {
			isa = XCBuildConfiguration;
			buildSettings = {
				ALWAYS_SEARCH_USER_PATHS = NO;
				CLANG_ANALYZER_NONNULL = YES;
				CLANG_CXX_LANGUAGE_STANDARD = "gnu++0x";
				CLANG_CXX_LIBRARY = "libc++";
				CLANG_ENABLE_MODULES = YES;
				CLANG_ENABLE_OBJC_ARC = YES;
				CLANG_WARN_BOOL_CONVERSION = YES;
				CLANG_WARN_CONSTANT_CONVERSION = YES;
				CLANG_WARN_DIRECT_OBJC_ISA_USAGE = YES_ERROR;
				CLANG_WARN_DOCUMENTATION_COMMENTS = YES;
				CLANG_WARN_EMPTY_BODY = YES;
				CLANG_WARN_ENUM_CONVERSION = YES;
				CLANG_WARN_INFINITE_RECURSION = YES;
				CLANG_WARN_INT_CONVERSION = YES;
				CLANG_WARN_OBJC_ROOT_CLASS = YES_ERROR;
				CLANG_WARN_SUSPICIOUS_MOVES = YES;
				CLANG_WARN_UNREACHABLE_CODE = YES;
				CLANG_WARN__DUPLICATE_METHOD_MATCH = YES;
				"CODE_SIGN_IDENTITY[sdk=iphoneos*]" = "iPhone Developer";
				COPY_PHASE_STRIP = NO;
				DEBUG_INFORMATION_FORMAT = "dwarf-with-dsym";
				ENABLE_NS_ASSERTIONS = NO;
				ENABLE_STRICT_OBJC_MSGSEND = YES;
				GCC_C_LANGUAGE_STANDARD = gnu99;
				GCC_NO_COMMON_BLOCKS = YES;
				GCC_WARN_64_TO_32_BIT_CONVERSION = YES;
				GCC_WARN_ABOUT_RETURN_TYPE = YES_ERROR;
				GCC_WARN_UNDECLARED_SELECTOR = YES;
				GCC_WARN_UNINITIALIZED_AUTOS = YES_AGGRESSIVE;
				GCC_WARN_UNUSED_FUNCTION = YES;
				GCC_WARN_UNUSED_VARIABLE = YES;
				IPHONEOS_DEPLOYMENT_TARGET = 10.0;
				MTL_ENABLE_DEBUG_INFO = NO;
				SDKROOT = iphoneos;
				TARGETED_DEVICE_FAMILY = "1,2";
				VALIDATE_PRODUCT = YES;
			};
			name = Release;
		};
		01EFBB111FC7EE9500C2D94A /* Debug */ = {
			isa = XCBuildConfiguration;
			baseConfigurationReference = 0D2DEFF2C764FF810E71F32C /* Pods-XRPhotos.debug.xcconfig */;
			buildSettings = {
				ASSETCATALOG_COMPILER_APPICON_NAME = AppIcon;
				CODE_SIGN_IDENTITY = "iPhone Developer: KaiJun Yin (36DBGBQP5A)";
				DEVELOPMENT_TEAM = 23PU435V7A;
				INFOPLIST_FILE = XRPhotos/Info.plist;
				IPHONEOS_DEPLOYMENT_TARGET = 8.0;
				LD_RUNPATH_SEARCH_PATHS = "$(inherited) @executable_path/Frameworks";
				ONLY_ACTIVE_ARCH = YES;
				PRODUCT_BUNDLE_IDENTIFIER = com.xr.XRPhotos;
				PRODUCT_NAME = "$(TARGET_NAME)";
				PROVISIONING_PROFILE = "b9052517-aad4-4672-bc83-b3782159bc88";
				PROVISIONING_PROFILE_SPECIFIER = xc_devAll;
				TARGETED_DEVICE_FAMILY = 1;
			};
			name = Debug;
		};
		01EFBB121FC7EE9500C2D94A /* Release */ = {
			isa = XCBuildConfiguration;
			baseConfigurationReference = D5D5DBAE1685047D55E6936A /* Pods-XRPhotos.release.xcconfig */;
			buildSettings = {
				ASSETCATALOG_COMPILER_APPICON_NAME = AppIcon;
				CODE_SIGN_IDENTITY = "iPhone Developer: KaiJun Yin (36DBGBQP5A)";
				DEVELOPMENT_TEAM = 23PU435V7A;
				INFOPLIST_FILE = XRPhotos/Info.plist;
				IPHONEOS_DEPLOYMENT_TARGET = 8.0;
				LD_RUNPATH_SEARCH_PATHS = "$(inherited) @executable_path/Frameworks";
				PRODUCT_BUNDLE_IDENTIFIER = com.xr.XRPhotos;
				PRODUCT_NAME = "$(TARGET_NAME)";
				PROVISIONING_PROFILE = "b9052517-aad4-4672-bc83-b3782159bc88";
				PROVISIONING_PROFILE_SPECIFIER = xc_devAll;
				TARGETED_DEVICE_FAMILY = 1;
			};
			name = Release;
		};
		01EFBB141FC7EE9500C2D94A /* Debug */ = {
			isa = XCBuildConfiguration;
			baseConfigurationReference = 496A299EC0B6C86AE5E5328C /* Pods-XRPhotosTests.debug.xcconfig */;
			buildSettings = {
				BUNDLE_LOADER = "$(TEST_HOST)";
				INFOPLIST_FILE = XRPhotosTests/Info.plist;
				LD_RUNPATH_SEARCH_PATHS = "$(inherited) @executable_path/Frameworks @loader_path/Frameworks";
				PRODUCT_BUNDLE_IDENTIFIER = com.kkguan.XRPhotosTests;
				PRODUCT_NAME = "$(TARGET_NAME)";
				TEST_HOST = "$(BUILT_PRODUCTS_DIR)/XRPhotos.app/XRPhotos";
			};
			name = Debug;
		};
		01EFBB151FC7EE9500C2D94A /* Release */ = {
			isa = XCBuildConfiguration;
			baseConfigurationReference = FECFD6C374D4F7CB3632039C /* Pods-XRPhotosTests.release.xcconfig */;
			buildSettings = {
				BUNDLE_LOADER = "$(TEST_HOST)";
				INFOPLIST_FILE = XRPhotosTests/Info.plist;
				LD_RUNPATH_SEARCH_PATHS = "$(inherited) @executable_path/Frameworks @loader_path/Frameworks";
				PRODUCT_BUNDLE_IDENTIFIER = com.kkguan.XRPhotosTests;
				PRODUCT_NAME = "$(TARGET_NAME)";
				TEST_HOST = "$(BUILT_PRODUCTS_DIR)/XRPhotos.app/XRPhotos";
			};
			name = Release;
		};
		01EFBB171FC7EE9500C2D94A /* Debug */ = {
			isa = XCBuildConfiguration;
			baseConfigurationReference = C4EA2421C5028D33CED1F769 /* Pods-XRPhotosUITests.debug.xcconfig */;
			buildSettings = {
				INFOPLIST_FILE = XRPhotosUITests/Info.plist;
				LD_RUNPATH_SEARCH_PATHS = "$(inherited) @executable_path/Frameworks @loader_path/Frameworks";
				PRODUCT_BUNDLE_IDENTIFIER = com.kkguan.XRPhotosUITests;
				PRODUCT_NAME = "$(TARGET_NAME)";
				TEST_TARGET_NAME = XRPhotos;
			};
			name = Debug;
		};
		01EFBB181FC7EE9500C2D94A /* Release */ = {
			isa = XCBuildConfiguration;
			baseConfigurationReference = 4BC95508F92D07BCAB60A6F0 /* Pods-XRPhotosUITests.release.xcconfig */;
			buildSettings = {
				INFOPLIST_FILE = XRPhotosUITests/Info.plist;
				LD_RUNPATH_SEARCH_PATHS = "$(inherited) @executable_path/Frameworks @loader_path/Frameworks";
				PRODUCT_BUNDLE_IDENTIFIER = com.kkguan.XRPhotosUITests;
				PRODUCT_NAME = "$(TARGET_NAME)";
				TEST_TARGET_NAME = XRPhotos;
			};
			name = Release;
		};
/* End XCBuildConfiguration section */

/* Begin XCConfigurationList section */
		01EFBADE1FC7EE9500C2D94A /* Build configuration list for PBXProject "XRPhotos" */ = {
			isa = XCConfigurationList;
			buildConfigurations = (
				01EFBB0E1FC7EE9500C2D94A /* Debug */,
				01EFBB0F1FC7EE9500C2D94A /* Release */,
			);
			defaultConfigurationIsVisible = 0;
			defaultConfigurationName = Release;
		};
		01EFBB101FC7EE9500C2D94A /* Build configuration list for PBXNativeTarget "XRPhotos" */ = {
			isa = XCConfigurationList;
			buildConfigurations = (
				01EFBB111FC7EE9500C2D94A /* Debug */,
				01EFBB121FC7EE9500C2D94A /* Release */,
			);
			defaultConfigurationIsVisible = 0;
			defaultConfigurationName = Release;
		};
		01EFBB131FC7EE9500C2D94A /* Build configuration list for PBXNativeTarget "XRPhotosTests" */ = {
			isa = XCConfigurationList;
			buildConfigurations = (
				01EFBB141FC7EE9500C2D94A /* Debug */,
				01EFBB151FC7EE9500C2D94A /* Release */,
			);
			defaultConfigurationIsVisible = 0;
			defaultConfigurationName = Release;
		};
		01EFBB161FC7EE9500C2D94A /* Build configuration list for PBXNativeTarget "XRPhotosUITests" */ = {
			isa = XCConfigurationList;
			buildConfigurations = (
				01EFBB171FC7EE9500C2D94A /* Debug */,
				01EFBB181FC7EE9500C2D94A /* Release */,
			);
			defaultConfigurationIsVisible = 0;
			defaultConfigurationName = Release;
		};
/* End XCConfigurationList section */
	};
	rootObject = 01EFBADB1FC7EE9500C2D94A /* Project object */;
}
